
Microsoft Visual Studio Solution File, Format Version 12.00
# Visual Studio Version 17
VisualStudioVersion = 17.3.32804.467
MinimumVisualStudioVersion = 10.0.40219.1
Project("{2150E333-8FDC-42A3-9474-1A3956D46DE8}") = "FrontEnd", "FrontEnd", "{25A1EC54-6057-4E1C-962E-BD4CF24CC88A}"
EndProject
Project("{2150E333-8FDC-42A3-9474-1A3956D46DE8}") = "Services", "Services", "{D7ABA8A9-D241-4E3C-B778-A3737841DE70}"
EndProject
Project("{FAE04EC0-301F-11D3-BF4B-00C04F79EFBC}") = "GeekShopping.Web", "GeekShopping.Web\GeekShopping.Web.csproj", "{C51969A0-938C-4BB4-B3C5-93ED4D072212}"
EndProject
Project("{FAE04EC0-301F-11D3-BF4B-00C04F79EFBC}") = "GeekShopping.ProductAPI", "GeekShopping.ProductAPI\GeekShopping.ProductAPI.csproj", "{2190D9EF-398F-4F28-BE6B-7BDF939262DD}"
EndProject
Global
	GlobalSection(SolutionConfigurationPlatforms) = preSolution
		Debug|Any CPU = Debug|Any CPU
		Release|Any CPU = Release|Any CPU
	EndGlobalSection
	GlobalSection(ProjectConfigurationPlatforms) = postSolution
		{C51969A0-938C-4BB4-B3C5-93ED4D072212}.Debug|Any CPU.ActiveCfg = Debug|Any CPU
		{C51969A0-938C-4BB4-B3C5-93ED4D072212}.Debug|Any CPU.Build.0 = Debug|Any CPU
		{C51969A0-938C-4BB4-B3C5-93ED4D072212}.Release|Any CPU.ActiveCfg = Release|Any CPU
		{C51969A0-938C-4BB4-B3C5-93ED4D072212}.Release|Any CPU.Build.0 = Release|Any CPU
		{2190D9EF-398F-4F28-BE6B-7BDF939262DD}.Debug|Any CPU.ActiveCfg = Debug|Any CPU
		{2190D9EF-398F-4F28-BE6B-7BDF939262DD}.Debug|Any CPU.Build.0 = Debug|Any CPU
		{2190D9EF-398F-4F28-BE6B-7BDF939262DD}.Release|Any CPU.ActiveCfg = Release|Any CPU
		{2190D9EF-398F-4F28-BE6B-7BDF939262DD}.Release|Any CPU.Build.0 = Release|Any CPU
	EndGlobalSection
	GlobalSection(SolutionProperties) = preSolution
		HideSolutionNode = FALSE
	EndGlobalSection
	GlobalSection(NestedProjects) = preSolution
		{C51969A0-938C-4BB4-B3C5-93ED4D072212} = {25A1EC54-6057-4E1C-962E-BD4CF24CC88A}
		{2190D9EF-398F-4F28-BE6B-7BDF939262DD} = {D7ABA8A9-D241-4E3C-B778-A3737841DE70}
	EndGlobalSection
	GlobalSection(ExtensibilityGlobals) = postSolution
		SolutionGuid = {19A29889-1201-45FA-B148-08F3A9391E5A}
	EndGlobalSection
EndGlobal
